{
  "name": "37_BabylonApp",
  "lockfileVersion": 3,
  "requires": true,
  "packages": {
    "": {
      "dependencies": {
        "babylonjs": "^7.2.3"
      }
    },
    "node_modules/babylonjs": {
      "version": "7.2.3",
      "resolved": "https://registry.npmjs.org/babylonjs/-/babylonjs-7.2.3.tgz",
      "integrity": "sha512-HyL7ISTrU2hoOLn9dMZoxCRAkKYrgu6/B+optXuel0Juk5aa6aIuNVKfWKVLnMmbdrcFCOFrm5E2N1sdQkZqow==",
      "hasInstallScript": true
    }
  }
}
